
Microsoft Visual Studio Solution File, Format Version 12.00
# Visual Studio Version 16
VisualStudioVersion = 16.0.30114.105
MinimumVisualStudioVersion = 10.0.40219.1
Project("{FAE04EC0-301F-11D3-BF4B-00C04F79EFBC}") = "SolutionsRunner", "SolutionsRunner\SolutionsRunner.csproj", "{765E1BF1-9507-4F04-9BE1-CC33B6B22E50}"
EndProject
Project("{FAE04EC0-301F-11D3-BF4B-00C04F79EFBC}") = "Solutions", "Solutions\Solutions.csproj", "{008717E7-6327-496D-895D-006E37662897}"
EndProject
Global
	GlobalSection(SolutionConfigurationPlatforms) = preSolution
		Debug|Any CPU = Debug|Any CPU
		Release|Any CPU = Release|Any CPU
	EndGlobalSection
	GlobalSection(SolutionProperties) = preSolution
		HideSolutionNode = FALSE
	EndGlobalSection
	GlobalSection(ProjectConfigurationPlatforms) = postSolution
		{765E1BF1-9507-4F04-9BE1-CC33B6B22E50}.Debug|Any CPU.ActiveCfg = Debug|Any CPU
		{765E1BF1-9507-4F04-9BE1-CC33B6B22E50}.Debug|Any CPU.Build.0 = Debug|Any CPU
		{765E1BF1-9507-4F04-9BE1-CC33B6B22E50}.Release|Any CPU.ActiveCfg = Release|Any CPU
		{765E1BF1-9507-4F04-9BE1-CC33B6B22E50}.Release|Any CPU.Build.0 = Release|Any CPU
		{008717E7-6327-496D-895D-006E37662897}.Debug|Any CPU.ActiveCfg = Debug|Any CPU
		{008717E7-6327-496D-895D-006E37662897}.Debug|Any CPU.Build.0 = Debug|Any CPU
		{008717E7-6327-496D-895D-006E37662897}.Release|Any CPU.ActiveCfg = Release|Any CPU
		{008717E7-6327-496D-895D-006E37662897}.Release|Any CPU.Build.0 = Release|Any CPU
	EndGlobalSection
EndGlobal
